
Microsoft Visual Studio Solution File, Format Version 12.00
# Visual Studio Version 17
VisualStudioVersion = 17.5.33516.290
MinimumVisualStudioVersion = 10.0.40219.1
Project("{9A19103F-16F7-4668-BE54-9A1E7A4F7556}") = "NeoCmd", "NeoCmd\NeoCmd.csproj", "{12A2A428-E2D1-46FB-ACA5-F90C6BC0D1CC}"
EndProject
Project("{2150E333-8FDC-42A3-9474-1A3956D46DE8}") = "Common", "Common", "{F8C82E7C-32CA-4EDF-AC3A-995D06858BFF}"
	ProjectSection(SolutionItems) = preProject
		LICENSE = LICENSE
		README.md = README.md
	EndProjectSection
EndProject
Global
	GlobalSection(SolutionConfigurationPlatforms) = preSolution
		Debug|Any CPU = Debug|Any CPU
		Release|Any CPU = Release|Any CPU
	EndGlobalSection
	GlobalSection(ProjectConfigurationPlatforms) = postSolution
		{12A2A428-E2D1-46FB-ACA5-F90C6BC0D1CC}.Debug|Any CPU.ActiveCfg = Debug|Any CPU
		{12A2A428-E2D1-46FB-ACA5-F90C6BC0D1CC}.Debug|Any CPU.Build.0 = Debug|Any CPU
		{12A2A428-E2D1-46FB-ACA5-F90C6BC0D1CC}.Release|Any CPU.ActiveCfg = Release|Any CPU
		{12A2A428-E2D1-46FB-ACA5-F90C6BC0D1CC}.Release|Any CPU.Build.0 = Release|Any CPU
	EndGlobalSection
	GlobalSection(SolutionProperties) = preSolution
		HideSolutionNode = FALSE
	EndGlobalSection
	GlobalSection(ExtensibilityGlobals) = postSolution
		SolutionGuid = {402AB67E-87E4-4AE6-9123-F2E3882F41FF}
	EndGlobalSection
EndGlobal
